
Microsoft Visual Studio Solution File, Format Version 12.00
# Visual Studio 14
VisualStudioVersion = 14.0.25420.1
MinimumVisualStudioVersion = 10.0.40219.1
Project("{FAE04EC0-301F-11D3-BF4B-00C04F79EFBC}") = "MovieSearchXF", "MovieSearchXF\MovieSearchXF\MovieSearchXF.csproj", "{86888582-C343-4A1F-8789-C02D924CBA8C}"
EndProject
Project("{FAE04EC0-301F-11D3-BF4B-00C04F79EFBC}") = "MovieSearchXF.Droid", "MovieSearchXF\MovieSearchXF.Droid\MovieSearchXF.Droid.csproj", "{D00DFE97-216B-409B-BE46-D86DBEC619BD}"
EndProject
Project("{FAE04EC0-301F-11D3-BF4B-00C04F79EFBC}") = "MovieSearchXF.iOS", "MovieSearchXF\MovieSearchXF.iOS\MovieSearchXF.iOS.csproj", "{B5F9351C-63F4-48F0-A543-42006EF2204C}"
EndProject
Project("{FAE04EC0-301F-11D3-BF4B-00C04F79EFBC}") = "MovieSearchXF.UWP", "MovieSearchXF\MovieSearchXF.UWP\MovieSearchXF.UWP.csproj", "{08CEC3AD-D404-4F4F-A91E-5B955A8077F0}"
EndProject
Global
	GlobalSection(SolutionConfigurationPlatforms) = preSolution
		Ad-Hoc|Any CPU = Ad-Hoc|Any CPU
		Ad-Hoc|ARM = Ad-Hoc|ARM
		Ad-Hoc|iPhone = Ad-Hoc|iPhone
		Ad-Hoc|iPhoneSimulator = Ad-Hoc|iPhoneSimulator
		Ad-Hoc|x64 = Ad-Hoc|x64
		Ad-Hoc|x86 = Ad-Hoc|x86
		AppStore|Any CPU = AppStore|Any CPU
		AppStore|ARM = AppStore|ARM
		AppStore|iPhone = AppStore|iPhone
		AppStore|iPhoneSimulator = AppStore|iPhoneSimulator
		AppStore|x64 = AppStore|x64
		AppStore|x86 = AppStore|x86
		Debug|Any CPU = Debug|Any CPU
		Debug|ARM = Debug|ARM
		Debug|iPhone = Debug|iPhone
		Debug|iPhoneSimulator = Debug|iPhoneSimulator
		Debug|x64 = Debug|x64
		Debug|x86 = Debug|x86
		Release|Any CPU = Release|Any CPU
		Release|ARM = Release|ARM
		Release|iPhone = Release|iPhone
		Release|iPhoneSimulator = Release|iPhoneSimulator
		Release|x64 = Release|x64
		Release|x86 = Release|x86
	EndGlobalSection
	GlobalSection(ProjectConfigurationPlatforms) = postSolution
		{86888582-C343-4A1F-8789-C02D924CBA8C}.Ad-Hoc|Any CPU.ActiveCfg = Release|Any CPU
		{86888582-C343-4A1F-8789-C02D924CBA8C}.Ad-Hoc|Any CPU.Build.0 = Release|Any CPU
		{86888582-C343-4A1F-8789-C02D924CBA8C}.Ad-Hoc|ARM.ActiveCfg = Release|Any CPU
		{86888582-C343-4A1F-8789-C02D924CBA8C}.Ad-Hoc|ARM.Build.0 = Release|Any CPU
		{86888582-C343-4A1F-8789-C02D924CBA8C}.Ad-Hoc|iPhone.ActiveCfg = Release|Any CPU
		{86888582-C343-4A1F-8789-C02D924CBA8C}.Ad-Hoc|iPhone.Build.0 = Release|Any CPU
		{86888582-C343-4A1F-8789-C02D924CBA8C}.Ad-Hoc|iPhoneSimulator.ActiveCfg = Release|Any CPU
		{86888582-C343-4A1F-8789-C02D924CBA8C}.Ad-Hoc|iPhoneSimulator.Build.0 = Release|Any CPU
		{86888582-C343-4A1F-8789-C02D924CBA8C}.Ad-Hoc|x64.ActiveCfg = Release|Any CPU
		{86888582-C343-4A1F-8789-C02D924CBA8C}.Ad-Hoc|x64.Build.0 = Release|Any CPU
		{86888582-C343-4A1F-8789-C02D924CBA8C}.Ad-Hoc|x86.ActiveCfg = Release|Any CPU
		{86888582-C343-4A1F-8789-C02D924CBA8C}.Ad-Hoc|x86.Build.0 = Release|Any CPU
		{86888582-C343-4A1F-8789-C02D924CBA8C}.AppStore|Any CPU.ActiveCfg = Release|Any CPU
		{86888582-C343-4A1F-8789-C02D924CBA8C}.AppStore|Any CPU.Build.0 = Release|Any CPU
		{86888582-C343-4A1F-8789-C02D924CBA8C}.AppStore|ARM.ActiveCfg = Release|Any CPU
		{86888582-C343-4A1F-8789-C02D924CBA8C}.AppStore|ARM.Build.0 = Release|Any CPU
		{86888582-C343-4A1F-8789-C02D924CBA8C}.AppStore|iPhone.ActiveCfg = Release|Any CPU
		{86888582-C343-4A1F-8789-C02D924CBA8C}.AppStore|iPhone.Build.0 = Release|Any CPU
		{86888582-C343-4A1F-8789-C02D924CBA8C}.AppStore|iPhoneSimulator.ActiveCfg = Release|Any CPU
		{86888582-C343-4A1F-8789-C02D924CBA8C}.AppStore|iPhoneSimulator.Build.0 = Release|Any CPU
		{86888582-C343-4A1F-8789-C02D924CBA8C}.AppStore|x64.ActiveCfg = Release|Any CPU
		{86888582-C343-4A1F-8789-C02D924CBA8C}.AppStore|x64.Build.0 = Release|Any CPU
		{86888582-C343-4A1F-8789-C02D924CBA8C}.AppStore|x86.ActiveCfg = Release|Any CPU
		{86888582-C343-4A1F-8789-C02D924CBA8C}.AppStore|x86.Build.0 = Release|Any CPU
		{86888582-C343-4A1F-8789-C02D924CBA8C}.Debug|Any CPU.ActiveCfg = Debug|Any CPU
		{86888582-C343-4A1F-8789-C02D924CBA8C}.Debug|Any CPU.Build.0 = Debug|Any CPU
		{86888582-C343-4A1F-8789-C02D924CBA8C}.Debug|ARM.ActiveCfg = Debug|Any CPU
		{86888582-C343-4A1F-8789-C02D924CBA8C}.Debug|ARM.Build.0 = Debug|Any CPU
		{86888582-C343-4A1F-8789-C02D924CBA8C}.Debug|iPhone.ActiveCfg = Debug|Any CPU
		{86888582-C343-4A1F-8789-C02D924CBA8C}.Debug|iPhone.Build.0 = Debug|Any CPU
		{86888582-C343-4A1F-8789-C02D924CBA8C}.Debug|iPhoneSimulator.ActiveCfg = Debug|Any CPU
		{86888582-C343-4A1F-8789-C02D924CBA8C}.Debug|iPhoneSimulator.Build.0 = Debug|Any CPU
		{86888582-C343-4A1F-8789-C02D924CBA8C}.Debug|x64.ActiveCfg = Debug|Any CPU
		{86888582-C343-4A1F-8789-C02D924CBA8C}.Debug|x64.Build.0 = Debug|Any CPU
		{86888582-C343-4A1F-8789-C02D924CBA8C}.Debug|x86.ActiveCfg = Debug|Any CPU
		{86888582-C343-4A1F-8789-C02D924CBA8C}.Debug|x86.Build.0 = Debug|Any CPU
		{86888582-C343-4A1F-8789-C02D924CBA8C}.Release|Any CPU.ActiveCfg = Release|Any CPU
		{86888582-C343-4A1F-8789-C02D924CBA8C}.Release|Any CPU.Build.0 = Release|Any CPU
		{86888582-C343-4A1F-8789-C02D924CBA8C}.Release|ARM.ActiveCfg = Release|Any CPU
		{86888582-C343-4A1F-8789-C02D924CBA8C}.Release|ARM.Build.0 = Release|Any CPU
		{86888582-C343-4A1F-8789-C02D924CBA8C}.Release|iPhone.ActiveCfg = Release|Any CPU
		{86888582-C343-4A1F-8789-C02D924CBA8C}.Release|iPhone.Build.0 = Release|Any CPU
		{86888582-C343-4A1F-8789-C02D924CBA8C}.Release|iPhoneSimulator.ActiveCfg = Release|Any CPU
		{86888582-C343-4A1F-8789-C02D924CBA8C}.Release|iPhoneSimulator.Build.0 = Release|Any CPU
		{86888582-C343-4A1F-8789-C02D924CBA8C}.Release|x64.ActiveCfg = Release|Any CPU
		{86888582-C343-4A1F-8789-C02D924CBA8C}.Release|x64.Build.0 = Release|Any CPU
		{86888582-C343-4A1F-8789-C02D924CBA8C}.Release|x86.ActiveCfg = Release|Any CPU
		{86888582-C343-4A1F-8789-C02D924CBA8C}.Release|x86.Build.0 = Release|Any CPU
		{D00DFE97-216B-409B-BE46-D86DBEC619BD}.Ad-Hoc|Any CPU.ActiveCfg = Release|Any CPU
		{D00DFE97-216B-409B-BE46-D86DBEC619BD}.Ad-Hoc|Any CPU.Build.0 = Release|Any CPU
		{D00DFE97-216B-409B-BE46-D86DBEC619BD}.Ad-Hoc|Any CPU.Deploy.0 = Release|Any CPU
		{D00DFE97-216B-409B-BE46-D86DBEC619BD}.Ad-Hoc|ARM.ActiveCfg = Release|Any CPU
		{D00DFE97-216B-409B-BE46-D86DBEC619BD}.Ad-Hoc|ARM.Build.0 = Release|Any CPU
		{D00DFE97-216B-409B-BE46-D86DBEC619BD}.Ad-Hoc|ARM.Deploy.0 = Release|Any CPU
		{D00DFE97-216B-409B-BE46-D86DBEC619BD}.Ad-Hoc|iPhone.ActiveCfg = Release|Any CPU
		{D00DFE97-216B-409B-BE46-D86DBEC619BD}.Ad-Hoc|iPhone.Build.0 = Release|Any CPU
		{D00DFE97-216B-409B-BE46-D86DBEC619BD}.Ad-Hoc|iPhone.Deploy.0 = Release|Any CPU
		{D00DFE97-216B-409B-BE46-D86DBEC619BD}.Ad-Hoc|iPhoneSimulator.ActiveCfg = Release|Any CPU
		{D00DFE97-216B-409B-BE46-D86DBEC619BD}.Ad-Hoc|iPhoneSimulator.Build.0 = Release|Any CPU
		{D00DFE97-216B-409B-BE46-D86DBEC619BD}.Ad-Hoc|iPhoneSimulator.Deploy.0 = Release|Any CPU
		{D00DFE97-216B-409B-BE46-D86DBEC619BD}.Ad-Hoc|x64.ActiveCfg = Release|Any CPU
		{D00DFE97-216B-409B-BE46-D86DBEC619BD}.Ad-Hoc|x64.Build.0 = Release|Any CPU
		{D00DFE97-216B-409B-BE46-D86DBEC619BD}.Ad-Hoc|x64.Deploy.0 = Release|Any CPU
		{D00DFE97-216B-409B-BE46-D86DBEC619BD}.Ad-Hoc|x86.ActiveCfg = Release|Any CPU
		{D00DFE97-216B-409B-BE46-D86DBEC619BD}.Ad-Hoc|x86.Build.0 = Release|Any CPU
		{D00DFE97-216B-409B-BE46-D86DBEC619BD}.Ad-Hoc|x86.Deploy.0 = Release|Any CPU
		{D00DFE97-216B-409B-BE46-D86DBEC619BD}.AppStore|Any CPU.ActiveCfg = Release|Any CPU
		{D00DFE97-216B-409B-BE46-D86DBEC619BD}.AppStore|Any CPU.Build.0 = Release|Any CPU
		{D00DFE97-216B-409B-BE46-D86DBEC619BD}.AppStore|Any CPU.Deploy.0 = Release|Any CPU
		{D00DFE97-216B-409B-BE46-D86DBEC619BD}.AppStore|ARM.ActiveCfg = Release|Any CPU
		{D00DFE97-216B-409B-BE46-D86DBEC619BD}.AppStore|ARM.Build.0 = Release|Any CPU
		{D00DFE97-216B-409B-BE46-D86DBEC619BD}.AppStore|ARM.Deploy.0 = Release|Any CPU
		{D00DFE97-216B-409B-BE46-D86DBEC619BD}.AppStore|iPhone.ActiveCfg = Release|Any CPU
		{D00DFE97-216B-409B-BE46-D86DBEC619BD}.AppStore|iPhone.Build.0 = Release|Any CPU
		{D00DFE97-216B-409B-BE46-D86DBEC619BD}.AppStore|iPhone.Deploy.0 = Release|Any CPU
		{D00DFE97-216B-409B-BE46-D86DBEC619BD}.AppStore|iPhoneSimulator.ActiveCfg = Release|Any CPU
		{D00DFE97-216B-409B-BE46-D86DBEC619BD}.AppStore|iPhoneSimulator.Build.0 = Release|Any CPU
		{D00DFE97-216B-409B-BE46-D86DBEC619BD}.AppStore|iPhoneSimulator.Deploy.0 = Release|Any CPU
		{D00DFE97-216B-409B-BE46-D86DBEC619BD}.AppStore|x64.ActiveCfg = Release|Any CPU
		{D00DFE97-216B-409B-BE46-D86DBEC619BD}.AppStore|x64.Build.0 = Release|Any CPU
		{D00DFE97-216B-409B-BE46-D86DBEC619BD}.AppStore|x64.Deploy.0 = Release|Any CPU
		{D00DFE97-216B-409B-BE46-D86DBEC619BD}.AppStore|x86.ActiveCfg = Release|Any CPU
		{D00DFE97-216B-409B-BE46-D86DBEC619BD}.AppStore|x86.Build.0 = Release|Any CPU
		{D00DFE97-216B-409B-BE46-D86DBEC619BD}.AppStore|x86.Deploy.0 = Release|Any CPU
		{D00DFE97-216B-409B-BE46-D86DBEC619BD}.Debug|Any CPU.ActiveCfg = Debug|Any CPU
		{D00DFE97-216B-409B-BE46-D86DBEC619BD}.Debug|Any CPU.Build.0 = Debug|Any CPU
		{D00DFE97-216B-409B-BE46-D86DBEC619BD}.Debug|Any CPU.Deploy.0 = Debug|Any CPU
		{D00DFE97-216B-409B-BE46-D86DBEC619BD}.Debug|ARM.ActiveCfg = Debug|Any CPU
		{D00DFE97-216B-409B-BE46-D86DBEC619BD}.Debug|ARM.Build.0 = Debug|Any CPU
		{D00DFE97-216B-409B-BE46-D86DBEC619BD}.Debug|ARM.Deploy.0 = Debug|Any CPU
		{D00DFE97-216B-409B-BE46-D86DBEC619BD}.Debug|iPhone.ActiveCfg = Debug|Any CPU
		{D00DFE97-216B-409B-BE46-D86DBEC619BD}.Debug|iPhone.Build.0 = Debug|Any CPU
		{D00DFE97-216B-409B-BE46-D86DBEC619BD}.Debug|iPhone.Deploy.0 = Debug|Any CPU
		{D00DFE97-216B-409B-BE46-D86DBEC619BD}.Debug|iPhoneSimulator.ActiveCfg = Debug|Any CPU
		{D00DFE97-216B-409B-BE46-D86DBEC619BD}.Debug|iPhoneSimulator.Build.0 = Debug|Any CPU
		{D00DFE97-216B-409B-BE46-D86DBEC619BD}.Debug|iPhoneSimulator.Deploy.0 = Debug|Any CPU
		{D00DFE97-216B-409B-BE46-D86DBEC619BD}.Debug|x64.ActiveCfg = Debug|Any CPU
		{D00DFE97-216B-409B-BE46-D86DBEC619BD}.Debug|x64.Build.0 = Debug|Any CPU
		{D00DFE97-216B-409B-BE46-D86DBEC619BD}.Debug|x64.Deploy.0 = Debug|Any CPU
		{D00DFE97-216B-409B-BE46-D86DBEC619BD}.Debug|x86.ActiveCfg = Debug|Any CPU
		{D00DFE97-216B-409B-BE46-D86DBEC619BD}.Debug|x86.Build.0 = Debug|Any CPU
		{D00DFE97-216B-409B-BE46-D86DBEC619BD}.Debug|x86.Deploy.0 = Debug|Any CPU
		{D00DFE97-216B-409B-BE46-D86DBEC619BD}.Release|Any CPU.ActiveCfg = Release|Any CPU
		{D00DFE97-216B-409B-BE46-D86DBEC619BD}.Release|Any CPU.Build.0 = Release|Any CPU
		{D00DFE97-216B-409B-BE46-D86DBEC619BD}.Release|Any CPU.Deploy.0 = Release|Any CPU
		{D00DFE97-216B-409B-BE46-D86DBEC619BD}.Release|ARM.ActiveCfg = Release|Any CPU
		{D00DFE97-216B-409B-BE46-D86DBEC619BD}.Release|ARM.Build.0 = Release|Any CPU
		{D00DFE97-216B-409B-BE46-D86DBEC619BD}.Release|ARM.Deploy.0 = Release|Any CPU
		{D00DFE97-216B-409B-BE46-D86DBEC619BD}.Release|iPhone.ActiveCfg = Release|Any CPU
		{D00DFE97-216B-409B-BE46-D86DBEC619BD}.Release|iPhone.Build.0 = Release|Any CPU
		{D00DFE97-216B-409B-BE46-D86DBEC619BD}.Release|iPhone.Deploy.0 = Release|Any CPU
		{D00DFE97-216B-409B-BE46-D86DBEC619BD}.Release|iPhoneSimulator.ActiveCfg = Release|Any CPU
		{D00DFE97-216B-409B-BE46-D86DBEC619BD}.Release|iPhoneSimulator.Build.0 = Release|Any CPU
		{D00DFE97-216B-409B-BE46-D86DBEC619BD}.Release|iPhoneSimulator.Deploy.0 = Release|Any CPU
		{D00DFE97-216B-409B-BE46-D86DBEC619BD}.Release|x64.ActiveCfg = Release|Any CPU
		{D00DFE97-216B-409B-BE46-D86DBEC619BD}.Release|x64.Build.0 = Release|Any CPU
		{D00DFE97-216B-409B-BE46-D86DBEC619BD}.Release|x64.Deploy.0 = Release|Any CPU
		{D00DFE97-216B-409B-BE46-D86DBEC619BD}.Release|x86.ActiveCfg = Release|Any CPU
		{D00DFE97-216B-409B-BE46-D86DBEC619BD}.Release|x86.Build.0 = Release|Any CPU
		{D00DFE97-216B-409B-BE46-D86DBEC619BD}.Release|x86.Deploy.0 = Release|Any CPU
		{B5F9351C-63F4-48F0-A543-42006EF2204C}.Ad-Hoc|Any CPU.ActiveCfg = Ad-Hoc|iPhone
		{B5F9351C-63F4-48F0-A543-42006EF2204C}.Ad-Hoc|ARM.ActiveCfg = Ad-Hoc|iPhone
		{B5F9351C-63F4-48F0-A543-42006EF2204C}.Ad-Hoc|iPhone.ActiveCfg = Ad-Hoc|iPhone
		{B5F9351C-63F4-48F0-A543-42006EF2204C}.Ad-Hoc|iPhone.Build.0 = Ad-Hoc|iPhone
		{B5F9351C-63F4-48F0-A543-42006EF2204C}.Ad-Hoc|iPhoneSimulator.ActiveCfg = Ad-Hoc|iPhoneSimulator
		{B5F9351C-63F4-48F0-A543-42006EF2204C}.Ad-Hoc|iPhoneSimulator.Build.0 = Ad-Hoc|iPhoneSimulator
		{B5F9351C-63F4-48F0-A543-42006EF2204C}.Ad-Hoc|x64.ActiveCfg = Ad-Hoc|iPhone
		{B5F9351C-63F4-48F0-A543-42006EF2204C}.Ad-Hoc|x86.ActiveCfg = Ad-Hoc|iPhone
		{B5F9351C-63F4-48F0-A543-42006EF2204C}.AppStore|Any CPU.ActiveCfg = AppStore|iPhone
		{B5F9351C-63F4-48F0-A543-42006EF2204C}.AppStore|ARM.ActiveCfg = AppStore|iPhone
		{B5F9351C-63F4-48F0-A543-42006EF2204C}.AppStore|iPhone.ActiveCfg = AppStore|iPhone
		{B5F9351C-63F4-48F0-A543-42006EF2204C}.AppStore|iPhone.Build.0 = AppStore|iPhone
		{B5F9351C-63F4-48F0-A543-42006EF2204C}.AppStore|iPhoneSimulator.ActiveCfg = AppStore|iPhoneSimulator
		{B5F9351C-63F4-48F0-A543-42006EF2204C}.AppStore|iPhoneSimulator.Build.0 = AppStore|iPhoneSimulator
		{B5F9351C-63F4-48F0-A543-42006EF2204C}.AppStore|x64.ActiveCfg = AppStore|iPhone
		{B5F9351C-63F4-48F0-A543-42006EF2204C}.AppStore|x86.ActiveCfg = AppStore|iPhone
		{B5F9351C-63F4-48F0-A543-42006EF2204C}.Debug|Any CPU.ActiveCfg = Debug|iPhone
		{B5F9351C-63F4-48F0-A543-42006EF2204C}.Debug|ARM.ActiveCfg = Debug|iPhone
		{B5F9351C-63F4-48F0-A543-42006EF2204C}.Debug|iPhone.ActiveCfg = Debug|iPhone
		{B5F9351C-63F4-48F0-A543-42006EF2204C}.Debug|iPhone.Build.0 = Debug|iPhone
		{B5F9351C-63F4-48F0-A543-42006EF2204C}.Debug|iPhoneSimulator.ActiveCfg = Debug|iPhoneSimulator
		{B5F9351C-63F4-48F0-A543-42006EF2204C}.Debug|iPhoneSimulator.Build.0 = Debug|iPhoneSimulator
		{B5F9351C-63F4-48F0-A543-42006EF2204C}.Debug|x64.ActiveCfg = Debug|iPhone
		{B5F9351C-63F4-48F0-A543-42006EF2204C}.Debug|x86.ActiveCfg = Debug|iPhone
		{B5F9351C-63F4-48F0-A543-42006EF2204C}.Release|Any CPU.ActiveCfg = Release|iPhone
		{B5F9351C-63F4-48F0-A543-42006EF2204C}.Release|ARM.ActiveCfg = Release|iPhone
		{B5F9351C-63F4-48F0-A543-42006EF2204C}.Release|iPhone.ActiveCfg = Release|iPhone
		{B5F9351C-63F4-48F0-A543-42006EF2204C}.Release|iPhone.Build.0 = Release|iPhone
		{B5F9351C-63F4-48F0-A543-42006EF2204C}.Release|iPhoneSimulator.ActiveCfg = Release|iPhoneSimulator
		{B5F9351C-63F4-48F0-A543-42006EF2204C}.Release|iPhoneSimulator.Build.0 = Release|iPhoneSimulator
		{B5F9351C-63F4-48F0-A543-42006EF2204C}.Release|x64.ActiveCfg = Release|iPhone
		{B5F9351C-63F4-48F0-A543-42006EF2204C}.Release|x86.ActiveCfg = Release|iPhone
		{08CEC3AD-D404-4F4F-A91E-5B955A8077F0}.Ad-Hoc|Any CPU.ActiveCfg = Release|x86
		{08CEC3AD-D404-4F4F-A91E-5B955A8077F0}.Ad-Hoc|Any CPU.Build.0 = Release|x86
		{08CEC3AD-D404-4F4F-A91E-5B955A8077F0}.Ad-Hoc|Any CPU.Deploy.0 = Release|x86
		{08CEC3AD-D404-4F4F-A91E-5B955A8077F0}.Ad-Hoc|ARM.ActiveCfg = Release|ARM
		{08CEC3AD-D404-4F4F-A91E-5B955A8077F0}.Ad-Hoc|ARM.Build.0 = Release|ARM
		{08CEC3AD-D404-4F4F-A91E-5B955A8077F0}.Ad-Hoc|ARM.Deploy.0 = Release|ARM
		{08CEC3AD-D404-4F4F-A91E-5B955A8077F0}.Ad-Hoc|iPhone.ActiveCfg = Release|x86
		{08CEC3AD-D404-4F4F-A91E-5B955A8077F0}.Ad-Hoc|iPhone.Build.0 = Release|x86
		{08CEC3AD-D404-4F4F-A91E-5B955A8077F0}.Ad-Hoc|iPhone.Deploy.0 = Release|x86
		{08CEC3AD-D404-4F4F-A91E-5B955A8077F0}.Ad-Hoc|iPhoneSimulator.ActiveCfg = Release|x86
		{08CEC3AD-D404-4F4F-A91E-5B955A8077F0}.Ad-Hoc|iPhoneSimulator.Build.0 = Release|x86
		{08CEC3AD-D404-4F4F-A91E-5B955A8077F0}.Ad-Hoc|iPhoneSimulator.Deploy.0 = Release|x86
		{08CEC3AD-D404-4F4F-A91E-5B955A8077F0}.Ad-Hoc|x64.ActiveCfg = Release|x64
		{08CEC3AD-D404-4F4F-A91E-5B955A8077F0}.Ad-Hoc|x64.Build.0 = Release|x64
		{08CEC3AD-D404-4F4F-A91E-5B955A8077F0}.Ad-Hoc|x64.Deploy.0 = Release|x64
		{08CEC3AD-D404-4F4F-A91E-5B955A8077F0}.Ad-Hoc|x86.ActiveCfg = Release|x86
		{08CEC3AD-D404-4F4F-A91E-5B955A8077F0}.Ad-Hoc|x86.Build.0 = Release|x86
		{08CEC3AD-D404-4F4F-A91E-5B955A8077F0}.Ad-Hoc|x86.Deploy.0 = Release|x86
		{08CEC3AD-D404-4F4F-A91E-5B955A8077F0}.AppStore|Any CPU.ActiveCfg = Release|x86
		{08CEC3AD-D404-4F4F-A91E-5B955A8077F0}.AppStore|Any CPU.Build.0 = Release|x86
		{08CEC3AD-D404-4F4F-A91E-5B955A8077F0}.AppStore|Any CPU.Deploy.0 = Release|x86
		{08CEC3AD-D404-4F4F-A91E-5B955A8077F0}.AppStore|ARM.ActiveCfg = Release|ARM
		{08CEC3AD-D404-4F4F-A91E-5B955A8077F0}.AppStore|ARM.Build.0 = Release|ARM
		{08CEC3AD-D404-4F4F-A91E-5B955A8077F0}.AppStore|ARM.Deploy.0 = Release|ARM
		{08CEC3AD-D404-4F4F-A91E-5B955A8077F0}.AppStore|iPhone.ActiveCfg = Release|x86
		{08CEC3AD-D404-4F4F-A91E-5B955A8077F0}.AppStore|iPhone.Build.0 = Release|x86
		{08CEC3AD-D404-4F4F-A91E-5B955A8077F0}.AppStore|iPhone.Deploy.0 = Release|x86
		{08CEC3AD-D404-4F4F-A91E-5B955A8077F0}.AppStore|iPhoneSimulator.ActiveCfg = Release|x86
		{08CEC3AD-D404-4F4F-A91E-5B955A8077F0}.AppStore|iPhoneSimulator.Build.0 = Release|x86
		{08CEC3AD-D404-4F4F-A91E-5B955A8077F0}.AppStore|iPhoneSimulator.Deploy.0 = Release|x86
		{08CEC3AD-D404-4F4F-A91E-5B955A8077F0}.AppStore|x64.ActiveCfg = Release|x64
		{08CEC3AD-D404-4F4F-A91E-5B955A8077F0}.AppStore|x64.Build.0 = Release|x64
		{08CEC3AD-D404-4F4F-A91E-5B955A8077F0}.AppStore|x64.Deploy.0 = Release|x64
		{08CEC3AD-D404-4F4F-A91E-5B955A8077F0}.AppStore|x86.ActiveCfg = Release|x86
		{08CEC3AD-D404-4F4F-A91E-5B955A8077F0}.AppStore|x86.Build.0 = Release|x86
		{08CEC3AD-D404-4F4F-A91E-5B955A8077F0}.AppStore|x86.Deploy.0 = Release|x86
		{08CEC3AD-D404-4F4F-A91E-5B955A8077F0}.Debug|Any CPU.ActiveCfg = Debug|x86
		{08CEC3AD-D404-4F4F-A91E-5B955A8077F0}.Debug|Any CPU.Build.0 = Debug|x86
		{08CEC3AD-D404-4F4F-A91E-5B955A8077F0}.Debug|Any CPU.Deploy.0 = Debug|x86
		{08CEC3AD-D404-4F4F-A91E-5B955A8077F0}.Debug|ARM.ActiveCfg = Debug|ARM
		{08CEC3AD-D404-4F4F-A91E-5B955A8077F0}.Debug|ARM.Build.0 = Debug|ARM
		{08CEC3AD-D404-4F4F-A91E-5B955A8077F0}.Debug|ARM.Deploy.0 = Debug|ARM
		{08CEC3AD-D404-4F4F-A91E-5B955A8077F0}.Debug|iPhone.ActiveCfg = Debug|x86
		{08CEC3AD-D404-4F4F-A91E-5B955A8077F0}.Debug|iPhoneSimulator.ActiveCfg = Debug|x86
		{08CEC3AD-D404-4F4F-A91E-5B955A8077F0}.Debug|x64.ActiveCfg = Debug|x64
		{08CEC3AD-D404-4F4F-A91E-5B955A8077F0}.Debug|x64.Build.0 = Debug|x64
		{08CEC3AD-D404-4F4F-A91E-5B955A8077F0}.Debug|x64.Deploy.0 = Debug|x64
		{08CEC3AD-D404-4F4F-A91E-5B955A8077F0}.Debug|x86.ActiveCfg = Debug|x86
		{08CEC3AD-D404-4F4F-A91E-5B955A8077F0}.Debug|x86.Build.0 = Debug|x86
		{08CEC3AD-D404-4F4F-A91E-5B955A8077F0}.Debug|x86.Deploy.0 = Debug|x86
		{08CEC3AD-D404-4F4F-A91E-5B955A8077F0}.Release|Any CPU.ActiveCfg = Release|x86
		{08CEC3AD-D404-4F4F-A91E-5B955A8077F0}.Release|ARM.ActiveCfg = Release|ARM
		{08CEC3AD-D404-4F4F-A91E-5B955A8077F0}.Release|ARM.Build.0 = Release|ARM
		{08CEC3AD-D404-4F4F-A91E-5B955A8077F0}.Release|ARM.Deploy.0 = Release|ARM
		{08CEC3AD-D404-4F4F-A91E-5B955A8077F0}.Release|iPhone.ActiveCfg = Release|x86
		{08CEC3AD-D404-4F4F-A91E-5B955A8077F0}.Release|iPhoneSimulator.ActiveCfg = Release|x86
		{08CEC3AD-D404-4F4F-A91E-5B955A8077F0}.Release|x64.ActiveCfg = Release|x64
		{08CEC3AD-D404-4F4F-A91E-5B955A8077F0}.Release|x64.Build.0 = Release|x64
		{08CEC3AD-D404-4F4F-A91E-5B955A8077F0}.Release|x64.Deploy.0 = Release|x64
		{08CEC3AD-D404-4F4F-A91E-5B955A8077F0}.Release|x86.ActiveCfg = Release|x86
		{08CEC3AD-D404-4F4F-A91E-5B955A8077F0}.Release|x86.Build.0 = Release|x86
		{08CEC3AD-D404-4F4F-A91E-5B955A8077F0}.Release|x86.Deploy.0 = Release|x86
	EndGlobalSection
	GlobalSection(SolutionProperties) = preSolution
		HideSolutionNode = FALSE
	EndGlobalSection
EndGlobal
